{
  "R": {
    "Version": "4.4.1",
    "Repositories": [
      {
        "Name": "CRAN",
        "URL": "https://cloud.r-project.org"
      }
    ]
  },
  "Packages": {
    "Andromeda": {
      "Package": "Andromeda",
      "Version": "0.6.7",
      "Source": "Repository",
      "Repository": "CRAN"
    },
    "BeastJar": {
      "Package": "BeastJar",
      "Version": "1.10.6",
      "Source": "Repository"
    },
    "Characterization": {
      "Package": "Characterization",
      "Version": "2.1.3",
      "Source": "GitHub",
      "RemoteType": "github",
      "RemoteHost": "api.github.com",
      "RemoteUsername": "vinci-ohdsi",
      "RemoteRepo": "Characterization",
      "RemoteRef": "develop",
      "RemoteSha": "487a513c7c1b340c09c7106291e7c17912e2b128"
    },
    "CirceR": {
      "Package": "CirceR",
      "Version": "1.3.3",
      "Source": "Repository",
      "Repository": "CRAN"
    },
    "CohortDiagnostics": {
      "Package": "CohortDiagnostics",
      "Version": "3.3.1",
      "Source": "GitHub",
      "RemoteType": "github",
      "RemoteHost": "api.github.com",
      "RemoteUsername": "ohdsi",
      "RemoteRepo": "CohortDiagnostics",
      "RemoteRef": "v3.3.1",
      "RemoteSha": "0829b780b8368234aa59090a5c06ef8c19aab1e6"
    },
    "CohortGenerator": {
      "Package": "CohortGenerator",
      "Version": "0.11.2",
      "Source": "Repository",
      "Repository": "CRAN"
    },
    "CohortIncidence": {
      "Package": "CohortIncidence",
      "Version": "4.0.0",
      "Source": "GitHub",
      "RemoteType": "github",
      "RemoteHost": "api.github.com",
      "RemoteUsername": "ohdsi",
      "RemoteRepo": "CohortIncidence",
      "RemoteRef": "v4.0.0",
      "RemoteSha": "ac147182ced2461d515041b385962062309c473f"
    },
    "CohortMethod": {
      "Package": "CohortMethod",
      "Version": "5.4.0",
      "Source": "GitHub",
      "RemoteType": "github",
      "RemoteHost": "api.github.com",
      "RemoteUsername": "ohdsi",
      "RemoteRepo": "CohortMethod",
      "RemoteRef": "v5.4.0",
      "RemoteSha": "893b5445e8a92c3a118db1b9cf92db8dbccdee39"
    },
    "CompQuadForm": {
      "Package": "CompQuadForm",
      "Version": "1.4.3",
      "Source": "Repository"
    },
    "Cyclops": {
      "Package": "Cyclops",
      "Version": "3.5.0",
      "Source": "Repository",
      "Repository": "CRAN"
    },
    "DBI": {
      "Package": "DBI",
      "Version": "1.2.3",
      "Source": "Repository",
      "Repository": "CRAN"
    },
    "DT": {
      "Package": "DT",
      "Version": "0.33",
      "Source": "Repository"
    },
    "DatabaseConnector": {
      "Package": "DatabaseConnector",
      "Version": "6.4.0",
      "Source": "Repository",
      "Repository": "CRAN"
    },
    "Deriv": {
      "Package": "Deriv",
      "Version": "4.1.6",
      "Source": "Repository"
    },
    "EmpiricalCalibration": {
      "Package": "EmpiricalCalibration",
      "Version": "3.1.4",
      "Source": "Repository",
      "Repository": "CRAN"
    },
    "EvidenceSynthesis": {
      "Package": "EvidenceSynthesis",
      "Version": "0.5.0",
      "Source": "Repository",
      "Repository": "CRAN"
    },
    "FeatureExtraction": {
      "Package": "FeatureExtraction",
      "Version": "3.7.2",
      "Source": "Repository",
      "Repository": "CRAN"
    },
    "Formula": {
      "Package": "Formula",
      "Version": "1.2-5",
      "Source": "Repository"
    },
    "HDInterval": {
      "Package": "HDInterval",
      "Version": "0.2.4",
      "Source": "Repository"
    },
    "MASS": {
      "Package": "MASS",
      "Version": "7.3-61",
      "Source": "Repository"
    },
    "Matrix": {
      "Package": "Matrix",
      "Version": "1.6-5",
      "Source": "Repository"
    },
    "MatrixModels": {
      "Package": "MatrixModels",
      "Version": "0.5-3",
      "Source": "Repository"
    },
    "OhdsiReportGenerator": {
      "Package": "OhdsiReportGenerator",
      "Version": "1.0.1",
      "Source": "GitHub",
      "RemoteType": "github",
      "RemoteHost": "api.github.com",
      "RemoteUsername": "OHDSI",
      "RemoteRepo": "OhdsiReportGenerator",
      "RemoteRef": "main",
      "RemoteSha": "876bfaac66539e2b62df173c79809849e889e126"
    },
    "OhdsiSharing": {
      "Package": "OhdsiSharing",
      "Version": "0.2.2",
      "Source": "GitHub",
      "RemoteType": "github",
      "RemoteHost": "api.github.com",
      "RemoteUsername": "ohdsi",
      "RemoteRepo": "OhdsiSharing",
      "RemoteRef": "v0.2.2",
      "RemoteSha": "89cfe7c63d4c35cde4f3662a7493ce1670c78c6e"
    },
    "OhdsiShinyModules": {
      "Package": "OhdsiShinyModules",
      "Version": "3.1.2",
      "Source": "GitHub",
      "RemoteType": "github",
      "RemoteHost": "api.github.com",
      "RemoteUsername": "ohdsi",
      "RemoteRepo": "OhdsiShinyModules",
      "RemoteRef": "v3.1.2",
      "RemoteSha": "cdc13bb700e0700117aa071c407bf589892ebf31"
    },
    "PRROC": {
      "Package": "PRROC",
      "Version": "1.3.1",
      "Source": "Repository"
    },
    "ParallelLogger": {
      "Package": "ParallelLogger",
      "Version": "3.3.1",
      "Source": "Repository",
      "Repository": "CRAN"
    },
    "PatientLevelPrediction": {
      "Package": "PatientLevelPrediction",
      "Version": "6.4.0",
      "Source": "Repository",
      "Repository": "CRAN"
    },
    "R6": {
      "Package": "R6",
      "Version": "2.5.1",
      "Source": "Repository",
      "Repository": "CRAN"
    },
    "RColorBrewer": {
      "Package": "RColorBrewer",
      "Version": "1.1-3",
      "Source": "Repository",
      "Repository": "CRAN"
    },
    "RJSONIO": {
      "Package": "RJSONIO",
      "Version": "1.3-1.9",
      "Source": "Repository",
      "Repository": "CRAN"
    },
    "ROhdsiWebApi": {
      "Package": "ROhdsiWebApi",
      "Version": "1.3.3",
      "Source": "GitHub",
      "RemoteType": "github",
      "RemoteHost": "api.github.com",
      "RemoteUsername": "OHDSI",
      "RemoteRepo": "ROhdsiWebApi",
      "RemoteRef": "main",
      "RemoteSha": "455c81633de6d68dcd675ddb31f471c66e8fa332"
    },
    "RSQLite": {
      "Package": "RSQLite",
      "Version": "2.3.7",
      "Source": "Repository",
      "Repository": "CRAN"
    },
    "Rcpp": {
      "Package": "Rcpp",
      "Version": "1.0.13",
      "Source": "Repository",
      "Repository": "CRAN"
    },
    "RcppEigen": {
      "Package": "RcppEigen",
      "Version": "0.3.4.0.2",
      "Source": "Repository",
      "Repository": "CRAN"
    },
    "RcppParallel": {
      "Package": "RcppParallel",
      "Version": "5.1.9",
      "Source": "Repository"
    },
    "RcppTOML": {
      "Package": "RcppTOML",
      "Version": "0.2.2",
      "Source": "Repository"
    },
    "ReportGenerator": {
      "Package": "ReportGenerator",
      "Version": "0.0.0.9000",
      "Source": "GitHub",
      "RemoteType": "github",
      "RemoteHost": "api.github.com",
      "RemoteUsername": "OHDSI",
      "RemoteRepo": "ReportGenerator",
      "RemoteRef": "v0.0.0.9000",
      "RemoteSha": "9cda6de87b71bf76ed6b1a80fdec59cc94b079a9"
    },
    "ResultModelManager": {
      "Package": "ResultModelManager",
      "Version": "0.5.11",
      "Source": "Repository",
      "Repository": "CRAN"
    },
    "SelfControlledCaseSeries": {
      "Package": "SelfControlledCaseSeries",
      "Version": "5.3.1",
      "Source": "GitHub",
      "RemoteType": "github",
      "RemoteHost": "api.github.com",
      "RemoteUsername": "ohdsi",
      "RemoteRepo": "SelfControlledCaseSeries",
      "RemoteRef": "v5.3.1",
      "RemoteSha": "3bbd4751f5f539464e7996be8323a4b3fb0aa0f2"
    },
    "ShinyAppBuilder": {
      "Package": "ShinyAppBuilder",
      "Version": "3.2.0",
      "Source": "GitHub",
      "RemoteType": "github",
      "RemoteHost": "api.github.com",
      "RemoteUsername": "ohdsi",
      "RemoteRepo": "ShinyAppBuilder",
      "RemoteRef": "v3.2.0",
      "RemoteSha": "d884d7df2ac2ae8171bcf377a2a2f991b193dceb"
    },
    "SparseM": {
      "Package": "SparseM",
      "Version": "1.84-2",
      "Source": "Repository"
    },
    "SqlRender": {
      "Package": "SqlRender",
      "Version": "1.19.1",
      "Source": "Repository",
      "Repository": "CRAN"
    },
    "Strategus": {
      "Package": "Strategus",
      "Version": "1.3.0",
      "Source": "GitHub",
      "RemoteType": "github",
      "RemoteHost": "api.github.com",
      "RemoteUsername": "OHDSI",
      "RemoteRepo": "Strategus",
      "RemoteRef": "v1.3.0",
      "RemoteSha": "0663305b388fd18d1a150fd2e0a8be23aa4b4094"
    },
    "TreatmentPatterns": {
      "Package": "TreatmentPatterns",
      "Version": "3.0.0",
      "Source": "Repository",
      "Repository": "CRAN"
    },
    "VaTools": {
      "Package": "VaTools",
      "Version": "0.5.0",
      "Source": "GitHub",
      "RemoteType": "github",
      "RemoteHost": "api.github.com",
      "RemoteUsername": "vinci-ohdsi",
      "RemoteRepo": "VaTools",
      "RemoteRef": "develop",
      "RemoteSha": "01d4f14a653886ff16c134bb8bc2d0a41a810589"
    },
    "abind": {
      "Package": "abind",
      "Version": "1.4-8",
      "Source": "Repository"
    },
    "askpass": {
      "Package": "askpass",
      "Version": "1.2.1",
      "Source": "Repository",
      "Repository": "CRAN"
    },
    "assertthat": {
      "Package": "assertthat",
      "Version": "0.2.1",
      "Source": "Repository",
      "Repository": "CRAN"
    },
    "aws.s3": {
      "Package": "aws.s3",
      "Version": "0.3.21",
      "Source": "Repository",
      "Repository": "CRAN"
    },
    "aws.signature": {
      "Package": "aws.signature",
      "Version": "0.6.0",
      "Source": "Repository",
      "Repository": "CRAN"
    },
    "backports": {
      "Package": "backports",
      "Version": "1.5.0",
      "Source": "Repository",
      "Repository": "CRAN"
    },
    "base64enc": {
      "Package": "base64enc",
      "Version": "0.1-3",
      "Source": "Repository",
      "Repository": "CRAN"
    },
    "bit": {
      "Package": "bit",
      "Version": "4.5.0",
      "Source": "Repository",
      "Repository": "CRAN"
    },
    "bit64": {
      "Package": "bit64",
      "Version": "4.5.2",
      "Source": "Repository",
      "Repository": "CRAN"
    },
    "blob": {
      "Package": "blob",
      "Version": "1.2.4",
      "Source": "Repository",
      "Repository": "CRAN"
    },
    "boot": {
      "Package": "boot",
      "Version": "1.3-31",
      "Source": "Repository"
    },
    "broom": {
      "Package": "broom",
      "Version": "1.0.7",
      "Source": "Repository"
    },
    "bslib": {
      "Package": "bslib",
      "Version": "0.8.0",
      "Source": "Repository"
    },
    "cachem": {
      "Package": "cachem",
      "Version": "1.1.0",
      "Source": "Repository",
      "Repository": "CRAN"
    },
    "car": {
      "Package": "car",
      "Version": "3.1-3",
      "Source": "Repository"
    },
    "carData": {
      "Package": "carData",
      "Version": "3.0-5",
      "Source": "Repository"
    },
    "checkmate": {
      "Package": "checkmate",
      "Version": "2.3.2",
      "Source": "Repository",
      "Repository": "CRAN"
    },
    "cli": {
      "Package": "cli",
      "Version": "3.6.3",
      "Source": "Repository",
      "Repository": "CRAN"
    },
    "clipr": {
      "Package": "clipr",
      "Version": "0.8.0",
      "Source": "Repository",
      "Repository": "CRAN"
    },
    "clock": {
      "Package": "clock",
      "Version": "0.7.1",
      "Source": "Repository",
      "Repository": "CRAN"
    },
    "coda": {
      "Package": "coda",
      "Version": "0.19-4.1",
      "Source": "Repository"
    },
    "colorspace": {
      "Package": "colorspace",
      "Version": "2.1-1",
      "Source": "Repository",
      "Repository": "CRAN"
    },
    "commonmark": {
      "Package": "commonmark",
      "Version": "1.9.1",
      "Source": "Repository"
    },
    "corrplot": {
      "Package": "corrplot",
      "Version": "0.94",
      "Source": "Repository"
    },
    "cowplot": {
      "Package": "cowplot",
      "Version": "1.1.3",
      "Source": "Repository"
    },
    "cpp11": {
      "Package": "cpp11",
      "Version": "0.5.0",
      "Source": "Repository",
      "Repository": "CRAN"
    },
    "crayon": {
      "Package": "crayon",
      "Version": "1.5.3",
      "Source": "Repository",
      "Repository": "CRAN"
    },
    "crosstalk": {
      "Package": "crosstalk",
      "Version": "1.2.1",
      "Source": "Repository"
    },
    "curl": {
      "Package": "curl",
      "Version": "5.2.3",
      "Source": "Repository",
      "Repository": "CRAN"
    },
    "d3r": {
      "Package": "d3r",
      "Version": "1.1.0",
      "Source": "Repository",
      "Repository": "CRAN"
    },
    "data.table": {
      "Package": "data.table",
      "Version": "1.16.0",
      "Source": "Repository"
    },
    "dbplyr": {
      "Package": "dbplyr",
      "Version": "2.5.0",
      "Source": "Repository",
      "Repository": "CRAN"
    },
    "digest": {
      "Package": "digest",
      "Version": "0.6.37",
      "Source": "Repository",
      "Repository": "CRAN"
    },
    "distributional": {
      "Package": "distributional",
      "Version": "0.5.0",
      "Source": "Repository"
    },
    "doBy": {
      "Package": "doBy",
      "Version": "4.6.22",
      "Source": "Repository"
    },
    "dplyr": {
      "Package": "dplyr",
      "Version": "1.1.4",
      "Source": "Repository",
      "Repository": "CRAN"
    },
    "evaluate": {
      "Package": "evaluate",
      "Version": "1.0.1",
      "Source": "Repository"
    },
    "fansi": {
      "Package": "fansi",
      "Version": "1.0.6",
      "Source": "Repository",
      "Repository": "CRAN"
    },
    "farver": {
      "Package": "farver",
      "Version": "2.1.2",
      "Source": "Repository",
      "Repository": "CRAN"
    },
    "fastmap": {
      "Package": "fastmap",
      "Version": "1.2.0",
      "Source": "Repository",
      "Repository": "CRAN"
    },
    "filelock": {
      "Package": "filelock",
      "Version": "1.0.3",
      "Source": "Repository",
      "Repository": "CRAN"
    },
    "fontawesome": {
      "Package": "fontawesome",
      "Version": "0.5.2",
      "Source": "Repository"
    },
    "forestplot": {
      "Package": "forestplot",
      "Version": "3.1.3",
      "Source": "Repository"
    },
    "fs": {
      "Package": "fs",
      "Version": "1.6.5",
      "Source": "Repository"
    },
    "generics": {
      "Package": "generics",
      "Version": "0.1.3",
      "Source": "Repository",
      "Repository": "CRAN"
    },
    "ggdist": {
      "Package": "ggdist",
      "Version": "3.3.2",
      "Source": "Repository"
    },
    "ggplot2": {
      "Package": "ggplot2",
      "Version": "3.5.1",
      "Source": "Repository",
      "Repository": "CRAN"
    },
    "ggpubr": {
      "Package": "ggpubr",
      "Version": "0.6.0",
      "Source": "Repository"
    },
    "ggrepel": {
      "Package": "ggrepel",
      "Version": "0.9.6",
      "Source": "Repository"
    },
    "ggsci": {
      "Package": "ggsci",
      "Version": "3.2.0",
      "Source": "Repository"
    },
    "ggsignif": {
      "Package": "ggsignif",
      "Version": "0.6.4",
      "Source": "Repository"
    },
    "glue": {
      "Package": "glue",
      "Version": "1.8.0",
      "Source": "Repository",
      "Repository": "CRAN"
    },
    "gridExtra": {
      "Package": "gridExtra",
      "Version": "2.3",
      "Source": "Repository",
      "Repository": "CRAN"
    },
    "gtable": {
      "Package": "gtable",
      "Version": "0.3.6",
      "Source": "Repository",
      "Repository": "CRAN"
    },
    "here": {
      "Package": "here",
      "Version": "1.0.1",
      "Source": "Repository"
    },
    "highr": {
      "Package": "highr",
      "Version": "0.11",
      "Source": "Repository"
    },
    "hms": {
      "Package": "hms",
      "Version": "1.1.3",
      "Source": "Repository",
      "Repository": "CRAN"
    },
    "htmltools": {
      "Package": "htmltools",
      "Version": "0.5.8.1",
      "Source": "Repository"
    },
    "htmlwidgets": {
      "Package": "htmlwidgets",
      "Version": "1.6.4",
      "Source": "Repository"
    },
    "httpuv": {
      "Package": "httpuv",
      "Version": "1.6.15",
      "Source": "Repository"
    },
    "httr": {
      "Package": "httr",
      "Version": "1.4.7",
      "Source": "Repository",
      "Repository": "CRAN"
    },
    "igraph": {
      "Package": "igraph",
      "Version": "2.1.4",
      "Source": "Repository",
      "Repository": "CRAN"
    },
    "isoband": {
      "Package": "isoband",
      "Version": "0.2.7",
      "Source": "Repository",
      "Repository": "CRAN"
    },
    "jquerylib": {
      "Package": "jquerylib",
      "Version": "0.1.4",
      "Source": "Repository"
    },
    "jsonlite": {
      "Package": "jsonlite",
      "Version": "1.8.9",
      "Source": "Repository",
      "Repository": "CRAN"
    },
    "kableExtra": {
      "Package": "kableExtra",
      "Version": "1.4.0",
      "Source": "Repository",
      "Repository": "CRAN"
    },
    "keyring": {
      "Package": "keyring",
      "Version": "1.3.2",
      "Source": "Repository",
      "Repository": "CRAN"
    },
    "knitr": {
      "Package": "knitr",
      "Version": "1.48",
      "Source": "Repository"
    },
    "labeling": {
      "Package": "labeling",
      "Version": "0.4.3",
      "Source": "Repository",
      "Repository": "CRAN"
    },
    "later": {
      "Package": "later",
      "Version": "1.3.2",
      "Source": "Repository",
      "Repository": "CRAN"
    },
    "lattice": {
      "Package": "lattice",
      "Version": "0.22-6",
      "Source": "Repository",
      "Repository": "CRAN"
    },
    "lazyeval": {
      "Package": "lazyeval",
      "Version": "0.2.2",
      "Source": "Repository"
    },
    "lifecycle": {
      "Package": "lifecycle",
      "Version": "1.0.4",
      "Source": "Repository",
      "Repository": "CRAN"
    },
    "lme4": {
      "Package": "lme4",
      "Version": "1.1-35.5",
      "Source": "Repository"
    },
    "lubridate": {
      "Package": "lubridate",
      "Version": "1.9.3",
      "Source": "Repository",
      "Repository": "CRAN"
    },
    "magrittr": {
      "Package": "magrittr",
      "Version": "2.0.3",
      "Source": "Repository",
      "Repository": "CRAN"
    },
    "markdown": {
      "Package": "markdown",
      "Version": "1.13",
      "Source": "Repository"
    },
    "mathjaxr": {
      "Package": "mathjaxr",
      "Version": "1.6-0",
      "Source": "Repository"
    },
    "memoise": {
      "Package": "memoise",
      "Version": "2.0.1",
      "Source": "Repository",
      "Repository": "CRAN"
    },
    "memuse": {
      "Package": "memuse",
      "Version": "4.2-3",
      "Source": "Repository"
    },
    "meta": {
      "Package": "meta",
      "Version": "7.0-0",
      "Source": "Repository"
    },
    "metadat": {
      "Package": "metadat",
      "Version": "1.2-0",
      "Source": "Repository"
    },
    "metafor": {
      "Package": "metafor",
      "Version": "4.6-0",
      "Source": "Repository"
    },
    "mgcv": {
      "Package": "mgcv",
      "Version": "1.9-1",
      "Source": "Repository",
      "Repository": "CRAN"
    },
    "microbenchmark": {
      "Package": "microbenchmark",
      "Version": "1.5.0",
      "Source": "Repository"
    },
    "mime": {
      "Package": "mime",
      "Version": "0.12",
      "Source": "Repository",
      "Repository": "CRAN"
    },
    "minqa": {
      "Package": "minqa",
      "Version": "1.2.8",
      "Source": "Repository"
    },
    "modelr": {
      "Package": "modelr",
      "Version": "0.1.11",
      "Source": "Repository"
    },
    "munsell": {
      "Package": "munsell",
      "Version": "0.5.1",
      "Source": "Repository",
      "Repository": "CRAN"
    },
    "networkD3": {
      "Package": "networkD3",
      "Version": "0.4",
      "Source": "Repository",
      "Repository": "CRAN"
    },
    "nlme": {
      "Package": "nlme",
      "Version": "3.1-166",
      "Source": "Repository",
      "Repository": "CRAN"
    },
    "nloptr": {
      "Package": "nloptr",
      "Version": "2.1.1",
      "Source": "Repository"
    },
    "nnet": {
      "Package": "nnet",
      "Version": "7.3-19",
      "Source": "Repository"
    },
    "numDeriv": {
      "Package": "numDeriv",
      "Version": "2016.8-1.1",
      "Source": "Repository"
    },
    "openssl": {
      "Package": "openssl",
      "Version": "2.2.2",
      "Source": "Repository",
      "Repository": "CRAN"
    },
    "openxlsx": {
      "Package": "openxlsx",
      "Version": "4.2.7.1",
      "Source": "Repository"
    },
    "pROC": {
      "Package": "pROC",
      "Version": "1.18.5",
      "Source": "Repository"
    },
    "pbapply": {
      "Package": "pbapply",
      "Version": "1.7-2",
      "Source": "Repository"
    },
    "pbkrtest": {
      "Package": "pbkrtest",
      "Version": "0.5.3",
      "Source": "Repository"
    },
    "pillar": {
      "Package": "pillar",
      "Version": "1.9.0",
      "Source": "Repository",
      "Repository": "CRAN"
    },
    "pkgconfig": {
      "Package": "pkgconfig",
      "Version": "2.0.3",
      "Source": "Repository",
      "Repository": "CRAN"
    },
    "plogr": {
      "Package": "plogr",
      "Version": "0.2.0",
      "Source": "Repository",
      "Repository": "CRAN"
    },
    "plotly": {
      "Package": "plotly",
      "Version": "4.10.4",
      "Source": "Repository"
    },
    "plyr": {
      "Package": "plyr",
      "Version": "1.8.9",
      "Source": "Repository",
      "Repository": "CRAN"
    },
    "png": {
      "Package": "png",
      "Version": "0.1-8",
      "Source": "Repository"
    },
    "polspline": {
      "Package": "polspline",
      "Version": "1.1.25",
      "Source": "Repository"
    },
    "polynom": {
      "Package": "polynom",
      "Version": "1.4-1",
      "Source": "Repository"
    },
    "pool": {
      "Package": "pool",
      "Version": "1.0.4",
      "Source": "Repository",
      "Repository": "CRAN"
    },
    "prettyunits": {
      "Package": "prettyunits",
      "Version": "1.2.0",
      "Source": "Repository",
      "Repository": "CRAN"
    },
    "processx": {
      "Package": "processx",
      "Version": "3.8.4",
      "Source": "Repository"
    },
    "progress": {
      "Package": "progress",
      "Version": "1.2.3",
      "Source": "Repository",
      "Repository": "CRAN"
    },
    "promises": {
      "Package": "promises",
      "Version": "1.3.0",
      "Source": "Repository"
    },
    "ps": {
      "Package": "ps",
      "Version": "1.8.1",
      "Source": "Repository"
    },
    "purrr": {
      "Package": "purrr",
      "Version": "1.0.2",
      "Source": "Repository",
      "Repository": "CRAN"
    },
    "quadprog": {
      "Package": "quadprog",
      "Version": "1.5-8",
      "Source": "Repository"
    },
    "quantreg": {
      "Package": "quantreg",
      "Version": "5.98",
      "Source": "Repository"
    },
    "quarto": {
      "Package": "quarto",
      "Version": "1.4.4",
      "Source": "Repository"
    },
    "rJava": {
      "Package": "rJava",
      "Version": "1.0-11",
      "Source": "Repository"
    },
    "rappdirs": {
      "Package": "rappdirs",
      "Version": "0.3.3",
      "Source": "Repository",
      "Repository": "CRAN"
    },
    "reactR": {
      "Package": "reactR",
      "Version": "0.6.1",
      "Source": "Repository"
    },
    "reactable": {
      "Package": "reactable",
      "Version": "0.4.4",
      "Source": "Repository"
    },
    "readr": {
      "Package": "readr",
      "Version": "2.1.5",
      "Source": "Repository",
      "Repository": "CRAN"
    },
    "remotes": {
      "Package": "remotes",
      "Version": "2.5.0",
      "Source": "Repository",
      "Repository": "CRAN"
    },
    "renv": {
      "Package": "renv",
      "Version": "1.0.11",
      "OS_type": null,
      "Repository": "CRAN",
      "Source": "Repository"
    },
    "reticulate": {
      "Package": "reticulate",
      "Version": "1.39.0",
      "Source": "Repository"
    },
    "rlang": {
      "Package": "rlang",
      "Version": "1.1.4",
      "Source": "Repository",
      "Repository": "CRAN"
    },
    "rmarkdown": {
      "Package": "rmarkdown",
      "Version": "2.28",
      "Source": "Repository"
    },
    "rprojroot": {
      "Package": "rprojroot",
      "Version": "2.0.4",
      "Source": "Repository"
    },
    "rstatix": {
      "Package": "rstatix",
      "Version": "0.7.2",
      "Source": "Repository"
    },
    "rstudioapi": {
      "Package": "rstudioapi",
      "Version": "0.17.1",
      "Source": "Repository"
    },
    "sass": {
      "Package": "sass",
      "Version": "0.4.9",
      "Source": "Repository"
    },
    "scales": {
      "Package": "scales",
      "Version": "1.3.0",
      "Source": "Repository",
      "Repository": "CRAN"
    },
    "shiny": {
      "Package": "shiny",
      "Version": "1.9.1",
      "Source": "Repository"
    },
    "shinyWidgets": {
      "Package": "shinyWidgets",
      "Version": "0.8.7",
      "Source": "Repository"
    },
    "shinycssloaders": {
      "Package": "shinycssloaders",
      "Version": "1.1.0",
      "Source": "Repository"
    },
    "shinydashboard": {
      "Package": "shinydashboard",
      "Version": "0.7.2",
      "Source": "Repository"
    },
    "shinyglide": {
      "Package": "shinyglide",
      "Version": "0.1.4",
      "Source": "Repository"
    },
    "snow": {
      "Package": "snow",
      "Version": "0.4-4",
      "Source": "Repository",
      "Repository": "CRAN"
    },
    "sodium": {
      "Package": "sodium",
      "Version": "1.3.1",
      "Source": "Repository",
      "Repository": "CRAN"
    },
    "sourcetools": {
      "Package": "sourcetools",
      "Version": "0.1.7-1",
      "Source": "Repository"
    },
    "stringi": {
      "Package": "stringi",
      "Version": "1.8.4",
      "Source": "Repository",
      "Repository": "CRAN"
    },
    "stringr": {
      "Package": "stringr",
      "Version": "1.5.1",
      "Source": "Repository",
      "Repository": "CRAN"
    },
    "sunburstR": {
      "Package": "sunburstR",
      "Version": "2.1.8",
      "Source": "Repository",
      "Repository": "CRAN"
    },
    "survival": {
      "Package": "survival",
      "Version": "3.7-0",
      "Source": "Repository",
      "Repository": "CRAN"
    },
    "svglite": {
      "Package": "svglite",
      "Version": "2.1.3",
      "Source": "Repository",
      "Repository": "CRAN"
    },
    "sys": {
      "Package": "sys",
      "Version": "3.4.3",
      "Source": "Repository",
      "Repository": "CRAN"
    },
    "systemfonts": {
      "Package": "systemfonts",
      "Version": "1.2.1",
      "Source": "Repository",
      "Repository": "CRAN"
    },
    "tibble": {
      "Package": "tibble",
      "Version": "3.2.1",
      "Source": "Repository",
      "Repository": "CRAN"
    },
    "tidyr": {
      "Package": "tidyr",
      "Version": "1.3.1",
      "Source": "Repository",
      "Repository": "CRAN"
    },
    "tidyselect": {
      "Package": "tidyselect",
      "Version": "1.2.1",
      "Source": "Repository",
      "Repository": "CRAN"
    },
    "timechange": {
      "Package": "timechange",
      "Version": "0.3.0",
      "Source": "Repository",
      "Repository": "CRAN"
    },
    "tinytex": {
      "Package": "tinytex",
      "Version": "0.53",
      "Source": "Repository"
    },
    "tippy": {
      "Package": "tippy",
      "Version": "0.1.0",
      "Source": "Repository"
    },
    "triebeard": {
      "Package": "triebeard",
      "Version": "0.4.1",
      "Source": "Repository",
      "Repository": "CRAN"
    },
    "tzdb": {
      "Package": "tzdb",
      "Version": "0.4.0",
      "Source": "Repository",
      "Repository": "CRAN"
    },
    "urltools": {
      "Package": "urltools",
      "Version": "1.7.3",
      "Source": "Repository",
      "Repository": "CRAN"
    },
    "utf8": {
      "Package": "utf8",
      "Version": "1.2.4",
      "Source": "Repository",
      "Repository": "CRAN"
    },
    "vctrs": {
      "Package": "vctrs",
      "Version": "0.6.5",
      "Source": "Repository",
      "Repository": "CRAN"
    },
    "viridisLite": {
      "Package": "viridisLite",
      "Version": "0.4.2",
      "Source": "Repository",
      "Repository": "CRAN"
    },
    "vroom": {
      "Package": "vroom",
      "Version": "1.6.5",
      "Source": "Repository",
      "Repository": "CRAN"
    },
    "withr": {
      "Package": "withr",
      "Version": "3.0.2",
      "Source": "Repository",
      "Repository": "CRAN"
    },
    "xfun": {
      "Package": "xfun",
      "Version": "0.47",
      "Source": "Repository"
    },
    "xml2": {
      "Package": "xml2",
      "Version": "1.3.6",
      "Source": "Repository",
      "Repository": "CRAN"
    },
    "xtable": {
      "Package": "xtable",
      "Version": "1.8-4",
      "Source": "Repository"
    },
    "yaml": {
      "Package": "yaml",
      "Version": "2.3.10",
      "Source": "Repository",
      "Repository": "CRAN"
    },
    "zip": {
      "Package": "zip",
      "Version": "2.3.1",
      "Source": "Repository",
      "Repository": "CRAN"
    }
  }
}
